
Microsoft Visual Studio Solution File, Format Version 12.00
# Visual Studio Version 17
VisualStudioVersion = 17.14.36310.24 d17.14
MinimumVisualStudioVersion = 10.0.40219.1
Project("{FAE04EC0-301F-11D3-BF4B-00C04F79EFBC}") = "KBV-ManualSoft", "KBV-ManualSoft\KBV-ManualSoft.csproj", "{211D2FDF-EE8A-4D56-9995-A3F9C58AAEFC}"
EndProject
Global
	GlobalSection(SolutionConfigurationPlatforms) = preSolution
		Debug|Any CPU = Debug|Any CPU
		Release|Any CPU = Release|Any CPU
	EndGlobalSection
	GlobalSection(ProjectConfigurationPlatforms) = postSolution
		{211D2FDF-EE8A-4D56-9995-A3F9C58AAEFC}.Debug|Any CPU.ActiveCfg = Debug|Any CPU
		{211D2FDF-EE8A-4D56-9995-A3F9C58AAEFC}.Debug|Any CPU.Build.0 = Debug|Any CPU
		{211D2FDF-EE8A-4D56-9995-A3F9C58AAEFC}.Release|Any CPU.ActiveCfg = Release|Any CPU
		{211D2FDF-EE8A-4D56-9995-A3F9C58AAEFC}.Release|Any CPU.Build.0 = Release|Any CPU
	EndGlobalSection
	GlobalSection(SolutionProperties) = preSolution
		HideSolutionNode = FALSE
	EndGlobalSection
	GlobalSection(ExtensibilityGlobals) = postSolution
		SolutionGuid = {D9F2682E-4D9B-4F50-B0F1-C2B8097CE853}
	EndGlobalSection
EndGlobal
